dependencies:
- name: registry
  repository: file://charts/registry
  version: 1.0.0
- name: gateway
  repository: file://charts/gateway
  version: 1.0.0
- name: auth-service
  repository: file://charts/auth-service
  version: 1.0.0
- name: auth-postgres
  repository: file://charts/auth-postgres
  version: 1.0.0
- name: account-service
  repository: file://charts/account-service
  version: 1.0.0
- name: account-postgres
  repository: file://charts/account-postgres
  version: 1.0.0
- name: chat-service
  repository: file://charts/chat-service
  version: 1.0.0
- name: chat-postgres
  repository: file://charts/chat-postgres
  version: 1.0.0
digest: sha256:04149c58b05a48a0b2a60e22b14d9016fd7f753cf65564e236cfd7cb6143986d
generated: "2023-09-30T15:38:00.386134+02:00"
